
Microsoft Visual Studio Solution File, Format Version 12.00
# Visual Studio Version 16
VisualStudioVersion = 16.0.32630.194
MinimumVisualStudioVersion = 10.0.40219.1
Project("{8BC9CEB8-8B4A-11D0-8D11-00A0C91BC942}") = "BIL520_DonemOdevi", "BIL520_DonemOdevi\BIL520_DonemOdevi.vcxproj", "{58F7AA30-0FCB-429C-8CAB-5BC4FFC5118C}"
EndProject
Global
	GlobalSection(SolutionConfigurationPlatforms) = preSolution
		Debug|x64 = Debug|x64
		Debug|x86 = Debug|x86
		Release|x64 = Release|x64
		Release|x86 = Release|x86
	EndGlobalSection
	GlobalSection(ProjectConfigurationPlatforms) = postSolution
		{58F7AA30-0FCB-429C-8CAB-5BC4FFC5118C}.Debug|x64.ActiveCfg = Debug|x64
		{58F7AA30-0FCB-429C-8CAB-5BC4FFC5118C}.Debug|x64.Build.0 = Debug|x64
		{58F7AA30-0FCB-429C-8CAB-5BC4FFC5118C}.Debug|x86.ActiveCfg = Debug|Win32
		{58F7AA30-0FCB-429C-8CAB-5BC4FFC5118C}.Debug|x86.Build.0 = Debug|Win32
		{58F7AA30-0FCB-429C-8CAB-5BC4FFC5118C}.Release|x64.ActiveCfg = Release|x64
		{58F7AA30-0FCB-429C-8CAB-5BC4FFC5118C}.Release|x64.Build.0 = Release|x64
		{58F7AA30-0FCB-429C-8CAB-5BC4FFC5118C}.Release|x86.ActiveCfg = Release|Win32
		{58F7AA30-0FCB-429C-8CAB-5BC4FFC5118C}.Release|x86.Build.0 = Release|Win32
	EndGlobalSection
	GlobalSection(SolutionProperties) = preSolution
		HideSolutionNode = FALSE
	EndGlobalSection
	GlobalSection(ExtensibilityGlobals) = postSolution
		SolutionGuid = {5C258D93-987E-454C-B230-AF50061CAA3F}
	EndGlobalSection
EndGlobal
